// !$*UTF8*$!
{
	archiveVersion = 1;
	classes = {
	};
	objectVersion = 56;
	objects = {

/* Begin PBXBuildFile section */
		42E3FDB42B144F1D00BDFCBA /* iosChatProjectApp.swift in Sources */ = {isa = PBXBuildFile; fileRef = 42E3FDB32B144F1D00BDFCBA /* iosChatProjectApp.swift */; };
		42E3FDB62B144F1D00BDFCBA /* ContentView.swift in Sources */ = {isa = PBXBuildFile; fileRef = 42E3FDB52B144F1D00BDFCBA /* ContentView.swift */; };
		42E3FDB82B144F1E00BDFCBA /* Assets.xcassets in Resources */ = {isa = PBXBuildFile; fileRef = 42E3FDB72B144F1E00BDFCBA /* Assets.xcassets */; };
		42E3FDBB2B144F1E00BDFCBA /* Preview Assets.xcassets in Resources */ = {isa = PBXBuildFile; fileRef = 42E3FDBA2B144F1E00BDFCBA /* Preview Assets.xcassets */; };
		42E3FDC52B144F1F00BDFCBA /* iosChatProjectTests.swift in Sources */ = {isa = PBXBuildFile; fileRef = 42E3FDC42B144F1F00BDFCBA /* iosChatProjectTests.swift */; };
		42E3FDCF2B144F1F00BDFCBA /* iosChatProjectUITests.swift in Sources */ = {isa = PBXBuildFile; fileRef = 42E3FDCE2B144F1F00BDFCBA /* iosChatProjectUITests.swift */; };
		42E3FDD12B144F1F00BDFCBA /* iosChatProjectUITestsLaunchTests.swift in Sources */ = {isa = PBXBuildFile; fileRef = 42E3FDD02B144F1F00BDFCBA /* iosChatProjectUITestsLaunchTests.swift */; };
		42E3FDE42B1463D100BDFCBA /* UserListView.swift in Sources */ = {isa = PBXBuildFile; fileRef = 42E3FDE32B1463D100BDFCBA /* UserListView.swift */; };
		42E3FDE72B14645100BDFCBA /* MoreView.swift in Sources */ = {isa = PBXBuildFile; fileRef = 42E3FDE62B14645100BDFCBA /* MoreView.swift */; };
		42E3FDE92B14722B00BDFCBA /* UserListViewViewModel.swift in Sources */ = {isa = PBXBuildFile; fileRef = 42E3FDE82B14722B00BDFCBA /* UserListViewViewModel.swift */; };
		42E3FDEB2B14736200BDFCBA /* UserListViewModel.swift in Sources */ = {isa = PBXBuildFile; fileRef = 42E3FDEA2B14736200BDFCBA /* UserListViewModel.swift */; };
		42E3FDED2B14831400BDFCBA /* UserListCell.swift in Sources */ = {isa = PBXBuildFile; fileRef = 42E3FDEC2B14831400BDFCBA /* UserListCell.swift */; };
		42E3FDF02B16E55900BDFCBA /* SnsLoginView.swift in Sources */ = {isa = PBXBuildFile; fileRef = 42E3FDEF2B16E55900BDFCBA /* SnsLoginView.swift */; };
		42E3FDF22B16E79B00BDFCBA /* CustomLoginButton.swift in Sources */ = {isa = PBXBuildFile; fileRef = 42E3FDF12B16E79B00BDFCBA /* CustomLoginButton.swift */; };
		42E3FDF42B16F14C00BDFCBA /* SnsLoginViewViewModel.swift in Sources */ = {isa = PBXBuildFile; fileRef = 42E3FDF32B16F14C00BDFCBA /* SnsLoginViewViewModel.swift */; };
		42E3FDF72B16FED900BDFCBA /* MainTabView.swift in Sources */ = {isa = PBXBuildFile; fileRef = 42E3FDF62B16FED900BDFCBA /* MainTabView.swift */; };
		42E3FDF92B170C0300BDFCBA /* ProfileListCell.swift in Sources */ = {isa = PBXBuildFile; fileRef = 42E3FDF82B170C0300BDFCBA /* ProfileListCell.swift */; };
		42E3FDFB2B170C6A00BDFCBA /* MoreListCell.swift in Sources */ = {isa = PBXBuildFile; fileRef = 42E3FDFA2B170C6A00BDFCBA /* MoreListCell.swift */; };
		42E3FDFD2B171A4B00BDFCBA /* MoreViewViewModel.swift in Sources */ = {isa = PBXBuildFile; fileRef = 42E3FDFC2B171A4B00BDFCBA /* MoreViewViewModel.swift */; };
		42E3FE062B172D6400BDFCBA /* ChatView.swift in Sources */ = {isa = PBXBuildFile; fileRef = 42E3FE052B172D6400BDFCBA /* ChatView.swift */; };
		42E3FE092B17388D00BDFCBA /* ChatListView.swift in Sources */ = {isa = PBXBuildFile; fileRef = 42E3FE082B17388D00BDFCBA /* ChatListView.swift */; };
		42E3FE0B2B17391D00BDFCBA /* ChatListCell.swift in Sources */ = {isa = PBXBuildFile; fileRef = 42E3FE0A2B17391D00BDFCBA /* ChatListCell.swift */; };
		42E3FE0F2B18358D00BDFCBA /* FriendAddView.swift in Sources */ = {isa = PBXBuildFile; fileRef = 42E3FE0E2B18358D00BDFCBA /* FriendAddView.swift */; };
		42E3FE112B18371500BDFCBA /* FriendAddViewViewModel.swift in Sources */ = {isa = PBXBuildFile; fileRef = 42E3FE102B18371500BDFCBA /* FriendAddViewViewModel.swift */; };
		42E3FE132B18381A00BDFCBA /* ApiCaller.swift in Sources */ = {isa = PBXBuildFile; fileRef = 42E3FE122B18381A00BDFCBA /* ApiCaller.swift */; };
		42E3FE162B185D1C00BDFCBA /* SearchView.swift in Sources */ = {isa = PBXBuildFile; fileRef = 42E3FE152B185D1C00BDFCBA /* SearchView.swift */; };
		42E3FE182B18816100BDFCBA /* SearchViewViewModel.swift in Sources */ = {isa = PBXBuildFile; fileRef = 42E3FE172B18816100BDFCBA /* SearchViewViewModel.swift */; };
		42E3FE1B2B1993B000BDFCBA /* ContentViewViewModel.swift in Sources */ = {isa = PBXBuildFile; fileRef = 42E3FE1A2B1993B000BDFCBA /* ContentViewViewModel.swift */; };
		42E3FE1D2B19A14D00BDFCBA /* LocalDB.swift in Sources */ = {isa = PBXBuildFile; fileRef = 42E3FE1C2B19A14D00BDFCBA /* LocalDB.swift */; };
		42E3FE1F2B19A3A100BDFCBA /* RealmModel.swift in Sources */ = {isa = PBXBuildFile; fileRef = 42E3FE1E2B19A3A100BDFCBA /* RealmModel.swift */; };
		42E3FE212B19B0C700BDFCBA /* Common.swift in Sources */ = {isa = PBXBuildFile; fileRef = 42E3FE202B19B0C700BDFCBA /* Common.swift */; };
		42E3FE2B2B1D99AF00BDFCBA /* NickNameView.swift in Sources */ = {isa = PBXBuildFile; fileRef = 42E3FE2A2B1D99AF00BDFCBA /* NickNameView.swift */; };
		42E3FE2D2B1D9B5400BDFCBA /* NickNameViewViewModel.swift in Sources */ = {isa = PBXBuildFile; fileRef = 42E3FE2C2B1D9B5400BDFCBA /* NickNameViewViewModel.swift */; };
		42E3FE2F2B1EF7A500BDFCBA /* SocketIOManager.swift in Sources */ = {isa = PBXBuildFile; fileRef = 42E3FE2E2B1EF7A500BDFCBA /* SocketIOManager.swift */; };
		42E3FE312B1F0A8800BDFCBA /* ChatViewViewModel.swift in Sources */ = {isa = PBXBuildFile; fileRef = 42E3FE302B1F0A8800BDFCBA /* ChatViewViewModel.swift */; };
		42E3FE352B1F125000BDFCBA /* ChatListViewViewModel.swift in Sources */ = {isa = PBXBuildFile; fileRef = 42E3FE342B1F125000BDFCBA /* ChatListViewViewModel.swift */; };
		42E3FE362B2017CC00BDFCBA /* UserListViewViewModel.swift in Sources */ = {isa = PBXBuildFile; fileRef = 42E3FDE82B14722B00BDFCBA /* UserListViewViewModel.swift */; };
		42E3FE382B2181B100BDFCBA /* ChatListViewModel.swift in Sources */ = {isa = PBXBuildFile; fileRef = 42E3FE372B2181B100BDFCBA /* ChatListViewModel.swift */; };
		42E3FE3C2B21B0FA00BDFCBA /* sockjs.min.js in Resources */ = {isa = PBXBuildFile; fileRef = 42E3FE3A2B21B0FA00BDFCBA /* sockjs.min.js */; };
		42E3FE3D2B21B0FA00BDFCBA /* stomp.min.js in Resources */ = {isa = PBXBuildFile; fileRef = 42E3FE3B2B21B0FA00BDFCBA /* stomp.min.js */; };
		42E3FE412B22CF2C00BDFCBA /* ChatViewModel.swift in Sources */ = {isa = PBXBuildFile; fileRef = 42E3FE402B22CF2C00BDFCBA /* ChatViewModel.swift */; };
		42E3FE432B22E6B400BDFCBA /* ChatViewCell.swift in Sources */ = {isa = PBXBuildFile; fileRef = 42E3FE422B22E6B400BDFCBA /* ChatViewCell.swift */; };
		42E3FE452B22EACB00BDFCBA /* ChatViewAlertCell.swift in Sources */ = {isa = PBXBuildFile; fileRef = 42E3FE442B22EACB00BDFCBA /* ChatViewAlertCell.swift */; };
		42E3FE472B22EBC000BDFCBA /* ChatViewMyCell.swift in Sources */ = {isa = PBXBuildFile; fileRef = 42E3FE462B22EBC000BDFCBA /* ChatViewMyCell.swift */; };
		BC8003FFA4447F1804BBDF03 /* Pods_iosChatProjectTests.framework in Frameworks */ = {isa = PBXBuildFile; fileRef = E1B61006C61E456B7AE3D3A7 /* Pods_iosChatProjectTests.framework */; };
		E3DFAA7DD02B9785795FC375 /* Pods_iosChatProject.framework in Frameworks */ = {isa = PBXBuildFile; fileRef = AAAF029DD8CCA36DC0EF14C1 /* Pods_iosChatProject.framework */; };
		FFA149B740912844C38A3393 /* Pods_iosChatProject_iosChatProjectUITests.framework in Frameworks */ = {isa = PBXBuildFile; fileRef = EC91A02D34C3659518520F4B /* Pods_iosChatProject_iosChatProjectUITests.framework */; };
/* End PBXBuildFile section */

/* Begin PBXContainerItemProxy section */
		42E3FDC12B144F1F00BDFCBA /* PBXContainerItemProxy */ = {
			isa = PBXContainerItemProxy;
			containerPortal = 42E3FDA82B144F1D00BDFCBA /* Project object */;
			proxyType = 1;
			remoteGlobalIDString = 42E3FDAF2B144F1D00BDFCBA;
			remoteInfo = iosChatProject;
		};
		42E3FDCB2B144F1F00BDFCBA /* PBXContainerItemProxy */ = {
			isa = PBXContainerItemProxy;
			containerPortal = 42E3FDA82B144F1D00BDFCBA /* Project object */;
			proxyType = 1;
			remoteGlobalIDString = 42E3FDAF2B144F1D00BDFCBA;
			remoteInfo = iosChatProject;
		};
/* End PBXContainerItemProxy section */

/* Begin PBXFileReference section */
		033CE436BD11DC412985F832 /* Pods-iosChatProject-iosChatProjectUITests.release.xcconfig */ = {isa = PBXFileReference; includeInIndex = 1; lastKnownFileType = text.xcconfig; name = "Pods-iosChatProject-iosChatProjectUITests.release.xcconfig"; path = "Target Support Files/Pods-iosChatProject-iosChatProjectUITests/Pods-iosChatProject-iosChatProjectUITests.release.xcconfig"; sourceTree = "<group>"; };
		42E3FDB02B144F1D00BDFCBA /* iosChatProject.app */ = {isa = PBXFileReference; explicitFileType = wrapper.application; includeInIndex = 0; path = iosChatProject.app; sourceTree = BUILT_PRODUCTS_DIR; };
		42E3FDB32B144F1D00BDFCBA /* iosChatProjectApp.swift */ = {isa = PBXFileReference; lastKnownFileType = sourcecode.swift; path = iosChatProjectApp.swift; sourceTree = "<group>"; };
		42E3FDB52B144F1D00BDFCBA /* ContentView.swift */ = {isa = PBXFileReference; lastKnownFileType = sourcecode.swift; path = ContentView.swift; sourceTree = "<group>"; };
		42E3FDB72B144F1E00BDFCBA /* Assets.xcassets */ = {isa = PBXFileReference; lastKnownFileType = folder.assetcatalog; path = Assets.xcassets; sourceTree = "<group>"; };
		42E3FDBA2B144F1E00BDFCBA /* Preview Assets.xcassets */ = {isa = PBXFileReference; lastKnownFileType = folder.assetcatalog; path = "Preview Assets.xcassets"; sourceTree = "<group>"; };
		42E3FDC02B144F1F00BDFCBA /* iosChatProjectTests.xctest */ = {isa = PBXFileReference; explicitFileType = wrapper.cfbundle; includeInIndex = 0; path = iosChatProjectTests.xctest; sourceTree = BUILT_PRODUCTS_DIR; };
		42E3FDC42B144F1F00BDFCBA /* iosChatProjectTests.swift */ = {isa = PBXFileReference; lastKnownFileType = sourcecode.swift; path = iosChatProjectTests.swift; sourceTree = "<group>"; };
		42E3FDCA2B144F1F00BDFCBA /* iosChatProjectUITests.xctest */ = {isa = PBXFileReference; explicitFileType = wrapper.cfbundle; includeInIndex = 0; path = iosChatProjectUITests.xctest; sourceTree = BUILT_PRODUCTS_DIR; };
		42E3FDCE2B144F1F00BDFCBA /* iosChatProjectUITests.swift */ = {isa = PBXFileReference; lastKnownFileType = sourcecode.swift; path = iosChatProjectUITests.swift; sourceTree = "<group>"; };
		42E3FDD02B144F1F00BDFCBA /* iosChatProjectUITestsLaunchTests.swift */ = {isa = PBXFileReference; lastKnownFileType = sourcecode.swift; path = iosChatProjectUITestsLaunchTests.swift; sourceTree = "<group>"; };
		42E3FDE32B1463D100BDFCBA /* UserListView.swift */ = {isa = PBXFileReference; lastKnownFileType = sourcecode.swift; path = UserListView.swift; sourceTree = "<group>"; };
		42E3FDE62B14645100BDFCBA /* MoreView.swift */ = {isa = PBXFileReference; lastKnownFileType = sourcecode.swift; path = MoreView.swift; sourceTree = "<group>"; };
		42E3FDE82B14722B00BDFCBA /* UserListViewViewModel.swift */ = {isa = PBXFileReference; lastKnownFileType = sourcecode.swift; path = UserListViewViewModel.swift; sourceTree = "<group>"; };
		42E3FDEA2B14736200BDFCBA /* UserListViewModel.swift */ = {isa = PBXFileReference; lastKnownFileType = sourcecode.swift; path = UserListViewModel.swift; sourceTree = "<group>"; };
		42E3FDEC2B14831400BDFCBA /* UserListCell.swift */ = {isa = PBXFileReference; lastKnownFileType = sourcecode.swift; path = UserListCell.swift; sourceTree = "<group>"; };
		42E3FDEF2B16E55900BDFCBA /* SnsLoginView.swift */ = {isa = PBXFileReference; lastKnownFileType = sourcecode.swift; path = SnsLoginView.swift; sourceTree = "<group>"; };
		42E3FDF12B16E79B00BDFCBA /* CustomLoginButton.swift */ = {isa = PBXFileReference; lastKnownFileType = sourcecode.swift; path = CustomLoginButton.swift; sourceTree = "<group>"; };
		42E3FDF32B16F14C00BDFCBA /* SnsLoginViewViewModel.swift */ = {isa = PBXFileReference; lastKnownFileType = sourcecode.swift; path = SnsLoginViewViewModel.swift; sourceTree = "<group>"; };
		42E3FDF62B16FED900BDFCBA /* MainTabView.swift */ = {isa = PBXFileReference; lastKnownFileType = sourcecode.swift; path = MainTabView.swift; sourceTree = "<group>"; };
		42E3FDF82B170C0300BDFCBA /* ProfileListCell.swift */ = {isa = PBXFileReference; lastKnownFileType = sourcecode.swift; path = ProfileListCell.swift; sourceTree = "<group>"; };
		42E3FDFA2B170C6A00BDFCBA /* MoreListCell.swift */ = {isa = PBXFileReference; lastKnownFileType = sourcecode.swift; path = MoreListCell.swift; sourceTree = "<group>"; };
		42E3FDFC2B171A4B00BDFCBA /* MoreViewViewModel.swift */ = {isa = PBXFileReference; lastKnownFileType = sourcecode.swift; path = MoreViewViewModel.swift; sourceTree = "<group>"; };
		42E3FE052B172D6400BDFCBA /* ChatView.swift */ = {isa = PBXFileReference; lastKnownFileType = sourcecode.swift; path = ChatView.swift; sourceTree = "<group>"; };
		42E3FE082B17388D00BDFCBA /* ChatListView.swift */ = {isa = PBXFileReference; lastKnownFileType = sourcecode.swift; path = ChatListView.swift; sourceTree = "<group>"; };
		42E3FE0A2B17391D00BDFCBA /* ChatListCell.swift */ = {isa = PBXFileReference; lastKnownFileType = sourcecode.swift; path = ChatListCell.swift; sourceTree = "<group>"; };
		42E3FE0C2B182FEA00BDFCBA /* Info.plist */ = {isa = PBXFileReference; lastKnownFileType = text.plist; path = Info.plist; sourceTree = "<group>"; };
		42E3FE0E2B18358D00BDFCBA /* FriendAddView.swift */ = {isa = PBXFileReference; lastKnownFileType = sourcecode.swift; path = FriendAddView.swift; sourceTree = "<group>"; };
		42E3FE102B18371500BDFCBA /* FriendAddViewViewModel.swift */ = {isa = PBXFileReference; lastKnownFileType = sourcecode.swift; path = FriendAddViewViewModel.swift; sourceTree = "<group>"; };
		42E3FE122B18381A00BDFCBA /* ApiCaller.swift */ = {isa = PBXFileReference; lastKnownFileType = sourcecode.swift; path = ApiCaller.swift; sourceTree = "<group>"; };
		42E3FE152B185D1C00BDFCBA /* SearchView.swift */ = {isa = PBXFileReference; lastKnownFileType = sourcecode.swift; path = SearchView.swift; sourceTree = "<group>"; };
		42E3FE172B18816100BDFCBA /* SearchViewViewModel.swift */ = {isa = PBXFileReference; lastKnownFileType = sourcecode.swift; path = SearchViewViewModel.swift; sourceTree = "<group>"; };
		42E3FE1A2B1993B000BDFCBA /* ContentViewViewModel.swift */ = {isa = PBXFileReference; lastKnownFileType = sourcecode.swift; path = ContentViewViewModel.swift; sourceTree = "<group>"; };
		42E3FE1C2B19A14D00BDFCBA /* LocalDB.swift */ = {isa = PBXFileReference; lastKnownFileType = sourcecode.swift; path = LocalDB.swift; sourceTree = "<group>"; };
		42E3FE1E2B19A3A100BDFCBA /* RealmModel.swift */ = {isa = PBXFileReference; lastKnownFileType = sourcecode.swift; path = RealmModel.swift; sourceTree = "<group>"; };
		42E3FE202B19B0C700BDFCBA /* Common.swift */ = {isa = PBXFileReference; lastKnownFileType = sourcecode.swift; path = Common.swift; sourceTree = "<group>"; };
		42E3FE2A2B1D99AF00BDFCBA /* NickNameView.swift */ = {isa = PBXFileReference; lastKnownFileType = sourcecode.swift; path = NickNameView.swift; sourceTree = "<group>"; };
		42E3FE2C2B1D9B5400BDFCBA /* NickNameViewViewModel.swift */ = {isa = PBXFileReference; lastKnownFileType = sourcecode.swift; path = NickNameViewViewModel.swift; sourceTree = "<group>"; };
		42E3FE2E2B1EF7A500BDFCBA /* SocketIOManager.swift */ = {isa = PBXFileReference; lastKnownFileType = sourcecode.swift; path = SocketIOManager.swift; sourceTree = "<group>"; };
		42E3FE302B1F0A8800BDFCBA /* ChatViewViewModel.swift */ = {isa = PBXFileReference; lastKnownFileType = sourcecode.swift; path = ChatViewViewModel.swift; sourceTree = "<group>"; };
		42E3FE342B1F125000BDFCBA /* ChatListViewViewModel.swift */ = {isa = PBXFileReference; lastKnownFileType = sourcecode.swift; path = ChatListViewViewModel.swift; sourceTree = "<group>"; };
		42E3FE372B2181B100BDFCBA /* ChatListViewModel.swift */ = {isa = PBXFileReference; lastKnownFileType = sourcecode.swift; path = ChatListViewModel.swift; sourceTree = "<group>"; };
		42E3FE3A2B21B0FA00BDFCBA /* sockjs.min.js */ = {isa = PBXFileReference; fileEncoding = 4; lastKnownFileType = sourcecode.javascript; path = sockjs.min.js; sourceTree = "<group>"; };
		42E3FE3B2B21B0FA00BDFCBA /* stomp.min.js */ = {isa = PBXFileReference; fileEncoding = 4; lastKnownFileType = sourcecode.javascript; path = stomp.min.js; sourceTree = "<group>"; };
		42E3FE402B22CF2C00BDFCBA /* ChatViewModel.swift */ = {isa = PBXFileReference; lastKnownFileType = sourcecode.swift; path = ChatViewModel.swift; sourceTree = "<group>"; };
		42E3FE422B22E6B400BDFCBA /* ChatViewCell.swift */ = {isa = PBXFileReference; lastKnownFileType = sourcecode.swift; path = ChatViewCell.swift; sourceTree = "<group>"; };
		42E3FE442B22EACB00BDFCBA /* ChatViewAlertCell.swift */ = {isa = PBXFileReference; lastKnownFileType = sourcecode.swift; path = ChatViewAlertCell.swift; sourceTree = "<group>"; };
		42E3FE462B22EBC000BDFCBA /* ChatViewMyCell.swift */ = {isa = PBXFileReference; lastKnownFileType = sourcecode.swift; path = ChatViewMyCell.swift; sourceTree = "<group>"; };
		45950F7FAFA09D948E7C568E /* Pods-iosChatProjectTests.debug.xcconfig */ = {isa = PBXFileReference; includeInIndex = 1; lastKnownFileType = text.xcconfig; name = "Pods-iosChatProjectTests.debug.xcconfig"; path = "Target Support Files/Pods-iosChatProjectTests/Pods-iosChatProjectTests.debug.xcconfig"; sourceTree = "<group>"; };
		73727DE834374E7CD2F7EF43 /* Pods-iosChatProject.debug.xcconfig */ = {isa = PBXFileReference; includeInIndex = 1; lastKnownFileType = text.xcconfig; name = "Pods-iosChatProject.debug.xcconfig"; path = "Target Support Files/Pods-iosChatProject/Pods-iosChatProject.debug.xcconfig"; sourceTree = "<group>"; };
		73D0891E86889327A7B375FB /* Pods-iosChatProject-iosChatProjectUITests.debug.xcconfig */ = {isa = PBXFileReference; includeInIndex = 1; lastKnownFileType = text.xcconfig; name = "Pods-iosChatProject-iosChatProjectUITests.debug.xcconfig"; path = "Target Support Files/Pods-iosChatProject-iosChatProjectUITests/Pods-iosChatProject-iosChatProjectUITests.debug.xcconfig"; sourceTree = "<group>"; };
		9F3360147AD4EE7C8325FE81 /* Pods-iosChatProjectTests.release.xcconfig */ = {isa = PBXFileReference; includeInIndex = 1; lastKnownFileType = text.xcconfig; name = "Pods-iosChatProjectTests.release.xcconfig"; path = "Target Support Files/Pods-iosChatProjectTests/Pods-iosChatProjectTests.release.xcconfig"; sourceTree = "<group>"; };
		AAAF029DD8CCA36DC0EF14C1 /* Pods_iosChatProject.framework */ = {isa = PBXFileReference; explicitFileType = wrapper.framework; includeInIndex = 0; path = Pods_iosChatProject.framework; sourceTree = BUILT_PRODUCTS_DIR; };
		E1B61006C61E456B7AE3D3A7 /* Pods_iosChatProjectTests.framework */ = {isa = PBXFileReference; explicitFileType = wrapper.framework; includeInIndex = 0; path = Pods_iosChatProjectTests.framework; sourceTree = BUILT_PRODUCTS_DIR; };
		EC91A02D34C3659518520F4B /* Pods_iosChatProject_iosChatProjectUITests.framework */ = {isa = PBXFileReference; explicitFileType = wrapper.framework; includeInIndex = 0; path = Pods_iosChatProject_iosChatProjectUITests.framework; sourceTree = BUILT_PRODUCTS_DIR; };
		F087E55414832FB9085C39D8 /* Pods-iosChatProject.release.xcconfig */ = {isa = PBXFileReference; includeInIndex = 1; lastKnownFileType = text.xcconfig; name = "Pods-iosChatProject.release.xcconfig"; path = "Target Support Files/Pods-iosChatProject/Pods-iosChatProject.release.xcconfig"; sourceTree = "<group>"; };
/* End PBXFileReference section */

/* Begin PBXFrameworksBuildPhase section */
		42E3FDAD2B144F1D00BDFCBA /* Frameworks */ = {
			isa = PBXFrameworksBuildPhase;
			buildActionMask = 2147483647;
			files = (
				E3DFAA7DD02B9785795FC375 /* Pods_iosChatProject.framework in Frameworks */,
			);
			runOnlyForDeploymentPostprocessing = 0;
		};
		42E3FDBD2B144F1F00BDFCBA /* Frameworks */ = {
			isa = PBXFrameworksBuildPhase;
			buildActionMask = 2147483647;
			files = (
				BC8003FFA4447F1804BBDF03 /* Pods_iosChatProjectTests.framework in Frameworks */,
			);
			runOnlyForDeploymentPostprocessing = 0;
		};
		42E3FDC72B144F1F00BDFCBA /* Frameworks */ = {
			isa = PBXFrameworksBuildPhase;
			buildActionMask = 2147483647;
			files = (
				FFA149B740912844C38A3393 /* Pods_iosChatProject_iosChatProjectUITests.framework in Frameworks */,
			);
			runOnlyForDeploymentPostprocessing = 0;
		};
/* End PBXFrameworksBuildPhase section */

/* Begin PBXGroup section */
		1917C39A3155B57D6DC78F08 /* Pods */ = {
			isa = PBXGroup;
			children = (
				73727DE834374E7CD2F7EF43 /* Pods-iosChatProject.debug.xcconfig */,
				F087E55414832FB9085C39D8 /* Pods-iosChatProject.release.xcconfig */,
				73D0891E86889327A7B375FB /* Pods-iosChatProject-iosChatProjectUITests.debug.xcconfig */,
				033CE436BD11DC412985F832 /* Pods-iosChatProject-iosChatProjectUITests.release.xcconfig */,
				45950F7FAFA09D948E7C568E /* Pods-iosChatProjectTests.debug.xcconfig */,
				9F3360147AD4EE7C8325FE81 /* Pods-iosChatProjectTests.release.xcconfig */,
			);
			path = Pods;
			sourceTree = "<group>";
		};
		42E3FDA72B144F1D00BDFCBA = {
			isa = PBXGroup;
			children = (
				42E3FDB22B144F1D00BDFCBA /* iosChatProject */,
				42E3FDC32B144F1F00BDFCBA /* iosChatProjectTests */,
				42E3FDCD2B144F1F00BDFCBA /* iosChatProjectUITests */,
				42E3FDB12B144F1D00BDFCBA /* Products */,
				1917C39A3155B57D6DC78F08 /* Pods */,
				B5FA91DC7EB37203565064BD /* Frameworks */,
			);
			sourceTree = "<group>";
		};
		42E3FDB12B144F1D00BDFCBA /* Products */ = {
			isa = PBXGroup;
			children = (
				42E3FDB02B144F1D00BDFCBA /* iosChatProject.app */,
				42E3FDC02B144F1F00BDFCBA /* iosChatProjectTests.xctest */,
				42E3FDCA2B144F1F00BDFCBA /* iosChatProjectUITests.xctest */,
			);
			name = Products;
			sourceTree = "<group>";
		};
		42E3FDB22B144F1D00BDFCBA /* iosChatProject */ = {
			isa = PBXGroup;
			children = (
				42E3FE392B21B0DA00BDFCBA /* JS */,
				42E3FE0C2B182FEA00BDFCBA /* Info.plist */,
				42E3FE012B17227100BDFCBA /* Tool */,
				42E3FDDD2B145AAB00BDFCBA /* View */,
				42E3FDB32B144F1D00BDFCBA /* iosChatProjectApp.swift */,
				42E3FDB72B144F1E00BDFCBA /* Assets.xcassets */,
				42E3FDB92B144F1E00BDFCBA /* Preview Content */,
			);
			path = iosChatProject;
			sourceTree = "<group>";
		};
		42E3FDB92B144F1E00BDFCBA /* Preview Content */ = {
			isa = PBXGroup;
			children = (
				42E3FDBA2B144F1E00BDFCBA /* Preview Assets.xcassets */,
			);
			path = "Preview Content";
			sourceTree = "<group>";
		};
		42E3FDC32B144F1F00BDFCBA /* iosChatProjectTests */ = {
			isa = PBXGroup;
			children = (
				42E3FDC42B144F1F00BDFCBA /* iosChatProjectTests.swift */,
			);
			path = iosChatProjectTests;
			sourceTree = "<group>";
		};
		42E3FDCD2B144F1F00BDFCBA /* iosChatProjectUITests */ = {
			isa = PBXGroup;
			children = (
				42E3FDCE2B144F1F00BDFCBA /* iosChatProjectUITests.swift */,
				42E3FDD02B144F1F00BDFCBA /* iosChatProjectUITestsLaunchTests.swift */,
			);
			path = iosChatProjectUITests;
			sourceTree = "<group>";
		};
		42E3FDDD2B145AAB00BDFCBA /* View */ = {
			isa = PBXGroup;
			children = (
				42E3FE192B19939B00BDFCBA /* ContentView */,
				42E3FDF52B16FECE00BDFCBA /* MainTabView */,
				42E3FDE12B14637100BDFCBA /* UserListView */,
				42E3FE072B17387400BDFCBA /* ChatListView */,
				42E3FDE52B14644300BDFCBA /* MoreView */,
				42E3FE292B1D99A000BDFCBA /* NickNameView */,
				42E3FE142B185CF800BDFCBA /* SearchView */,
				42E3FE0D2B18358500BDFCBA /* FriendAddView */,
				42E3FE042B172D1600BDFCBA /* ChatView */,
				42E3FDEE2B16E53D00BDFCBA /* SNSLoginView */,
			);
			path = View;
			sourceTree = "<group>";
		};
		42E3FDE12B14637100BDFCBA /* UserListView */ = {
			isa = PBXGroup;
			children = (
				42E3FDE32B1463D100BDFCBA /* UserListView.swift */,
				42E3FDE82B14722B00BDFCBA /* UserListViewViewModel.swift */,
				42E3FDEA2B14736200BDFCBA /* UserListViewModel.swift */,
				42E3FDEC2B14831400BDFCBA /* UserListCell.swift */,
			);
			path = UserListView;
			sourceTree = "<group>";
		};
		42E3FDE52B14644300BDFCBA /* MoreView */ = {
			isa = PBXGroup;
			children = (
				42E3FDE62B14645100BDFCBA /* MoreView.swift */,
				42E3FDFC2B171A4B00BDFCBA /* MoreViewViewModel.swift */,
				42E3FDF82B170C0300BDFCBA /* ProfileListCell.swift */,
				42E3FDFA2B170C6A00BDFCBA /* MoreListCell.swift */,
			);
			path = MoreView;
			sourceTree = "<group>";
		};
		42E3FDEE2B16E53D00BDFCBA /* SNSLoginView */ = {
			isa = PBXGroup;
			children = (
				42E3FDEF2B16E55900BDFCBA /* SnsLoginView.swift */,
				42E3FDF32B16F14C00BDFCBA /* SnsLoginViewViewModel.swift */,
				42E3FDF12B16E79B00BDFCBA /* CustomLoginButton.swift */,
			);
			path = SNSLoginView;
			sourceTree = "<group>";
		};
		42E3FDF52B16FECE00BDFCBA /* MainTabView */ = {
			isa = PBXGroup;
			children = (
				42E3FDF62B16FED900BDFCBA /* MainTabView.swift */,
			);
			path = MainTabView;
			sourceTree = "<group>";
		};
		42E3FE012B17227100BDFCBA /* Tool */ = {
			isa = PBXGroup;
			children = (
				42E3FE122B18381A00BDFCBA /* ApiCaller.swift */,
				42E3FE1C2B19A14D00BDFCBA /* LocalDB.swift */,
				42E3FE1E2B19A3A100BDFCBA /* RealmModel.swift */,
				42E3FE202B19B0C700BDFCBA /* Common.swift */,
				42E3FE2E2B1EF7A500BDFCBA /* SocketIOManager.swift */,
			);
			path = Tool;
			sourceTree = "<group>";
		};
		42E3FE042B172D1600BDFCBA /* ChatView */ = {
			isa = PBXGroup;
			children = (
				42E3FE052B172D6400BDFCBA /* ChatView.swift */,
				42E3FE302B1F0A8800BDFCBA /* ChatViewViewModel.swift */,
				42E3FE402B22CF2C00BDFCBA /* ChatViewModel.swift */,
				42E3FE422B22E6B400BDFCBA /* ChatViewCell.swift */,
				42E3FE442B22EACB00BDFCBA /* ChatViewAlertCell.swift */,
				42E3FE462B22EBC000BDFCBA /* ChatViewMyCell.swift */,
			);
			path = ChatView;
			sourceTree = "<group>";
		};
		42E3FE072B17387400BDFCBA /* ChatListView */ = {
			isa = PBXGroup;
			children = (
				42E3FE082B17388D00BDFCBA /* ChatListView.swift */,
				42E3FE342B1F125000BDFCBA /* ChatListViewViewModel.swift */,
				42E3FE0A2B17391D00BDFCBA /* ChatListCell.swift */,
				42E3FE372B2181B100BDFCBA /* ChatListViewModel.swift */,
			);
			path = ChatListView;
			sourceTree = "<group>";
		};
		42E3FE0D2B18358500BDFCBA /* FriendAddView */ = {
			isa = PBXGroup;
			children = (
				42E3FE0E2B18358D00BDFCBA /* FriendAddView.swift */,
				42E3FE102B18371500BDFCBA /* FriendAddViewViewModel.swift */,
			);
			path = FriendAddView;
			sourceTree = "<group>";
		};
		42E3FE142B185CF800BDFCBA /* SearchView */ = {
			isa = PBXGroup;
			children = (
				42E3FE152B185D1C00BDFCBA /* SearchView.swift */,
				42E3FE172B18816100BDFCBA /* SearchViewViewModel.swift */,
			);
			path = SearchView;
			sourceTree = "<group>";
		};
		42E3FE192B19939B00BDFCBA /* ContentView */ = {
			isa = PBXGroup;
			children = (
				42E3FDB52B144F1D00BDFCBA /* ContentView.swift */,
				42E3FE1A2B1993B000BDFCBA /* ContentViewViewModel.swift */,
			);
			path = ContentView;
			sourceTree = "<group>";
		};
		42E3FE292B1D99A000BDFCBA /* NickNameView */ = {
			isa = PBXGroup;
			children = (
				42E3FE2A2B1D99AF00BDFCBA /* NickNameView.swift */,
				42E3FE2C2B1D9B5400BDFCBA /* NickNameViewViewModel.swift */,
			);
			path = NickNameView;
			sourceTree = "<group>";
		};
		42E3FE392B21B0DA00BDFCBA /* JS */ = {
			isa = PBXGroup;
			children = (
				42E3FE3A2B21B0FA00BDFCBA /* sockjs.min.js */,
				42E3FE3B2B21B0FA00BDFCBA /* stomp.min.js */,
			);
			path = JS;
			sourceTree = "<group>";
		};
		B5FA91DC7EB37203565064BD /* Frameworks */ = {
			isa = PBXGroup;
			children = (
				AAAF029DD8CCA36DC0EF14C1 /* Pods_iosChatProject.framework */,
				EC91A02D34C3659518520F4B /* Pods_iosChatProject_iosChatProjectUITests.framework */,
				E1B61006C61E456B7AE3D3A7 /* Pods_iosChatProjectTests.framework */,
			);
			name = Frameworks;
			sourceTree = "<group>";
		};
/* End PBXGroup section */

/* Begin PBXNativeTarget section */
		42E3FDAF2B144F1D00BDFCBA /* iosChatProject */ = {
			isa = PBXNativeTarget;
			buildConfigurationList = 42E3FDD42B144F1F00BDFCBA /* Build configuration list for PBXNativeTarget "iosChatProject" */;
			buildPhases = (
				BFF1A5EFCCFB94EE89611D11 /* [CP] Check Pods Manifest.lock */,
				42E3FDAC2B144F1D00BDFCBA /* Sources */,
				42E3FDAD2B144F1D00BDFCBA /* Frameworks */,
				42E3FDAE2B144F1D00BDFCBA /* Resources */,
				667562D5BEA0636400C87B92 /* [CP] Embed Pods Frameworks */,
			);
			buildRules = (
			);
			dependencies = (
			);
			name = iosChatProject;
			productName = iosChatProject;
			productReference = 42E3FDB02B144F1D00BDFCBA /* iosChatProject.app */;
			productType = "com.apple.product-type.application";
		};
		42E3FDBF2B144F1F00BDFCBA /* iosChatProjectTests */ = {
			isa = PBXNativeTarget;
			buildConfigurationList = 42E3FDD72B144F1F00BDFCBA /* Build configuration list for PBXNativeTarget "iosChatProjectTests" */;
			buildPhases = (
				083D965559615799CD7A7313 /* [CP] Check Pods Manifest.lock */,
				42E3FDBC2B144F1F00BDFCBA /* Sources */,
				42E3FDBD2B144F1F00BDFCBA /* Frameworks */,
				42E3FDBE2B144F1F00BDFCBA /* Resources */,
			);
			buildRules = (
			);
			dependencies = (
				42E3FDC22B144F1F00BDFCBA /* PBXTargetDependency */,
			);
			name = iosChatProjectTests;
			productName = iosChatProjectTests;
			productReference = 42E3FDC02B144F1F00BDFCBA /* iosChatProjectTests.xctest */;
			productType = "com.apple.product-type.bundle.unit-test";
		};
		42E3FDC92B144F1F00BDFCBA /* iosChatProjectUITests */ = {
			isa = PBXNativeTarget;
			buildConfigurationList = 42E3FDDA2B144F1F00BDFCBA /* Build configuration list for PBXNativeTarget "iosChatProjectUITests" */;
			buildPhases = (
				BE36D398AFF6888CDCC054B1 /* [CP] Check Pods Manifest.lock */,
				42E3FDC62B144F1F00BDFCBA /* Sources */,
				42E3FDC72B144F1F00BDFCBA /* Frameworks */,
				42E3FDC82B144F1F00BDFCBA /* Resources */,
				11770E9443AB5D36D97B6724 /* [CP] Embed Pods Frameworks */,
			);
			buildRules = (
			);
			dependencies = (
				42E3FDCC2B144F1F00BDFCBA /* PBXTargetDependency */,
			);
			name = iosChatProjectUITests;
			productName = iosChatProjectUITests;
			productReference = 42E3FDCA2B144F1F00BDFCBA /* iosChatProjectUITests.xctest */;
			productType = "com.apple.product-type.bundle.ui-testing";
		};
/* End PBXNativeTarget section */

/* Begin PBXProject section */
		42E3FDA82B144F1D00BDFCBA /* Project object */ = {
			isa = PBXProject;
			attributes = {
				BuildIndependentTargetsInParallel = 1;
				LastSwiftUpdateCheck = 1400;
				LastUpgradeCheck = 1400;
				TargetAttributes = {
					42E3FDAF2B144F1D00BDFCBA = {
						CreatedOnToolsVersion = 14.0.1;
					};
					42E3FDBF2B144F1F00BDFCBA = {
						CreatedOnToolsVersion = 14.0.1;
						TestTargetID = 42E3FDAF2B144F1D00BDFCBA;
					};
					42E3FDC92B144F1F00BDFCBA = {
						CreatedOnToolsVersion = 14.0.1;
						TestTargetID = 42E3FDAF2B144F1D00BDFCBA;
					};
				};
			};
			buildConfigurationList = 42E3FDAB2B144F1D00BDFCBA /* Build configuration list for PBXProject "iosChatProject" */;
			compatibilityVersion = "Xcode 14.0";
			developmentRegion = en;
			hasScannedForEncodings = 0;
			knownRegions = (
				en,
				Base,
			);
			mainGroup = 42E3FDA72B144F1D00BDFCBA;
			productRefGroup = 42E3FDB12B144F1D00BDFCBA /* Products */;
			projectDirPath = "";
			projectRoot = "";
			targets = (
				42E3FDAF2B144F1D00BDFCBA /* iosChatProject */,
				42E3FDBF2B144F1F00BDFCBA /* iosChatProjectTests */,
				42E3FDC92B144F1F00BDFCBA /* iosChatProjectUITests */,
			);
		};
/* End PBXProject section */

/* Begin PBXResourcesBuildPhase section */
		42E3FDAE2B144F1D00BDFCBA /* Resources */ = {
			isa = PBXResourcesBuildPhase;
			buildActionMask = 2147483647;
			files = (
				42E3FE3D2B21B0FA00BDFCBA /* stomp.min.js in Resources */,
				42E3FDBB2B144F1E00BDFCBA /* Preview Assets.xcassets in Resources */,
				42E3FE3C2B21B0FA00BDFCBA /* sockjs.min.js in Resources */,
				42E3FDB82B144F1E00BDFCBA /* Assets.xcassets in Resources */,
			);
			runOnlyForDeploymentPostprocessing = 0;
		};
		42E3FDBE2B144F1F00BDFCBA /* Resources */ = {
			isa = PBXResourcesBuildPhase;
			buildActionMask = 2147483647;
			files = (
			);
			runOnlyForDeploymentPostprocessing = 0;
		};
		42E3FDC82B144F1F00BDFCBA /* Resources */ = {
			isa = PBXResourcesBuildPhase;
			buildActionMask = 2147483647;
			files = (
			);
			runOnlyForDeploymentPostprocessing = 0;
		};
/* End PBXResourcesBuildPhase section */

/* Begin PBXShellScriptBuildPhase section */
		083D965559615799CD7A7313 /* [CP] Check Pods Manifest.lock */ = {
			isa = PBXShellScriptBuildPhase;
			buildActionMask = 2147483647;
			files = (
			);
			inputFileListPaths = (
			);
			inputPaths = (
				"${PODS_PODFILE_DIR_PATH}/Podfile.lock",
				"${PODS_ROOT}/Manifest.lock",
			);
			name = "[CP] Check Pods Manifest.lock";
			outputFileListPaths = (
			);
			outputPaths = (
				"$(DERIVED_FILE_DIR)/Pods-iosChatProjectTests-checkManifestLockResult.txt",
			);
			runOnlyForDeploymentPostprocessing = 0;
			shellPath = /bin/sh;
			shellScript = "diff \"${PODS_PODFILE_DIR_PATH}/Podfile.lock\" \"${PODS_ROOT}/Manifest.lock\" > /dev/null\nif [ $? != 0 ] ; then\n    # print error to STDERR\n    echo \"error: The sandbox is not in sync with the Podfile.lock. Run 'pod install' or update your CocoaPods installation.\" >&2\n    exit 1\nfi\n# This output is used by Xcode 'outputs' to avoid re-running this script phase.\necho \"SUCCESS\" > \"${SCRIPT_OUTPUT_FILE_0}\"\n";
			showEnvVarsInLog = 0;
		};
		11770E9443AB5D36D97B6724 /* [CP] Embed Pods Frameworks */ = {
			isa = PBXShellScriptBuildPhase;
			buildActionMask = 2147483647;
			files = (
			);
			inputFileListPaths = (
				"${PODS_ROOT}/Target Support Files/Pods-iosChatProject-iosChatProjectUITests/Pods-iosChatProject-iosChatProjectUITests-frameworks-${CONFIGURATION}-input-files.xcfilelist",
			);
			name = "[CP] Embed Pods Frameworks";
			outputFileListPaths = (
				"${PODS_ROOT}/Target Support Files/Pods-iosChatProject-iosChatProjectUITests/Pods-iosChatProject-iosChatProjectUITests-frameworks-${CONFIGURATION}-output-files.xcfilelist",
			);
			runOnlyForDeploymentPostprocessing = 0;
			shellPath = /bin/sh;
			shellScript = "\"${PODS_ROOT}/Target Support Files/Pods-iosChatProject-iosChatProjectUITests/Pods-iosChatProject-iosChatProjectUITests-frameworks.sh\"\n";
			showEnvVarsInLog = 0;
		};
		667562D5BEA0636400C87B92 /* [CP] Embed Pods Frameworks */ = {
			isa = PBXShellScriptBuildPhase;
			buildActionMask = 2147483647;
			files = (
			);
			inputFileListPaths = (
				"${PODS_ROOT}/Target Support Files/Pods-iosChatProject/Pods-iosChatProject-frameworks-${CONFIGURATION}-input-files.xcfilelist",
			);
			name = "[CP] Embed Pods Frameworks";
			outputFileListPaths = (
				"${PODS_ROOT}/Target Support Files/Pods-iosChatProject/Pods-iosChatProject-frameworks-${CONFIGURATION}-output-files.xcfilelist",
			);
			runOnlyForDeploymentPostprocessing = 0;
			shellPath = /bin/sh;
			shellScript = "\"${PODS_ROOT}/Target Support Files/Pods-iosChatProject/Pods-iosChatProject-frameworks.sh\"\n";
			showEnvVarsInLog = 0;
		};
		BE36D398AFF6888CDCC054B1 /* [CP] Check Pods Manifest.lock */ = {
			isa = PBXShellScriptBuildPhase;
			buildActionMask = 2147483647;
			files = (
			);
			inputFileListPaths = (
			);
			inputPaths = (
				"${PODS_PODFILE_DIR_PATH}/Podfile.lock",
				"${PODS_ROOT}/Manifest.lock",
			);
			name = "[CP] Check Pods Manifest.lock";
			outputFileListPaths = (
			);
			outputPaths = (
				"$(DERIVED_FILE_DIR)/Pods-iosChatProject-iosChatProjectUITests-checkManifestLockResult.txt",
			);
			runOnlyForDeploymentPostprocessing = 0;
			shellPath = /bin/sh;
			shellScript = "diff \"${PODS_PODFILE_DIR_PATH}/Podfile.lock\" \"${PODS_ROOT}/Manifest.lock\" > /dev/null\nif [ $? != 0 ] ; then\n    # print error to STDERR\n    echo \"error: The sandbox is not in sync with the Podfile.lock. Run 'pod install' or update your CocoaPods installation.\" >&2\n    exit 1\nfi\n# This output is used by Xcode 'outputs' to avoid re-running this script phase.\necho \"SUCCESS\" > \"${SCRIPT_OUTPUT_FILE_0}\"\n";
			showEnvVarsInLog = 0;
		};
		BFF1A5EFCCFB94EE89611D11 /* [CP] Check Pods Manifest.lock */ = {
			isa = PBXShellScriptBuildPhase;
			buildActionMask = 2147483647;
			files = (
			);
			inputFileListPaths = (
			);
			inputPaths = (
				"${PODS_PODFILE_DIR_PATH}/Podfile.lock",
				"${PODS_ROOT}/Manifest.lock",
			);
			name = "[CP] Check Pods Manifest.lock";
			outputFileListPaths = (
			);
			outputPaths = (
				"$(DERIVED_FILE_DIR)/Pods-iosChatProject-checkManifestLockResult.txt",
			);
			runOnlyForDeploymentPostprocessing = 0;
			shellPath = /bin/sh;
			shellScript = "diff \"${PODS_PODFILE_DIR_PATH}/Podfile.lock\" \"${PODS_ROOT}/Manifest.lock\" > /dev/null\nif [ $? != 0 ] ; then\n    # print error to STDERR\n    echo \"error: The sandbox is not in sync with the Podfile.lock. Run 'pod install' or update your CocoaPods installation.\" >&2\n    exit 1\nfi\n# This output is used by Xcode 'outputs' to avoid re-running this script phase.\necho \"SUCCESS\" > \"${SCRIPT_OUTPUT_FILE_0}\"\n";
			showEnvVarsInLog = 0;
		};
/* End PBXShellScriptBuildPhase section */

/* Begin PBXSourcesBuildPhase section */
		42E3FDAC2B144F1D00BDFCBA /* Sources */ = {
			isa = PBXSourcesBuildPhase;
			buildActionMask = 2147483647;
			files = (
				42E3FDF42B16F14C00BDFCBA /* SnsLoginViewViewModel.swift in Sources */,
				42E3FE312B1F0A8800BDFCBA /* ChatViewViewModel.swift in Sources */,
				42E3FDF92B170C0300BDFCBA /* ProfileListCell.swift in Sources */,
				42E3FE212B19B0C700BDFCBA /* Common.swift in Sources */,
				42E3FE112B18371500BDFCBA /* FriendAddViewViewModel.swift in Sources */,
				42E3FDED2B14831400BDFCBA /* UserListCell.swift in Sources */,
				42E3FE412B22CF2C00BDFCBA /* ChatViewModel.swift in Sources */,
				42E3FDB62B144F1D00BDFCBA /* ContentView.swift in Sources */,
				42E3FE092B17388D00BDFCBA /* ChatListView.swift in Sources */,
				42E3FDEB2B14736200BDFCBA /* UserListViewModel.swift in Sources */,
				42E3FE0F2B18358D00BDFCBA /* FriendAddView.swift in Sources */,
				42E3FE432B22E6B400BDFCBA /* ChatViewCell.swift in Sources */,
				42E3FE2B2B1D99AF00BDFCBA /* NickNameView.swift in Sources */,
				42E3FDE92B14722B00BDFCBA /* UserListViewViewModel.swift in Sources */,
				42E3FE1D2B19A14D00BDFCBA /* LocalDB.swift in Sources */,
				42E3FDB42B144F1D00BDFCBA /* iosChatProjectApp.swift in Sources */,
				42E3FE162B185D1C00BDFCBA /* SearchView.swift in Sources */,
				42E3FE382B2181B100BDFCBA /* ChatListViewModel.swift in Sources */,
				42E3FE1B2B1993B000BDFCBA /* ContentViewViewModel.swift in Sources */,
				42E3FE062B172D6400BDFCBA /* ChatView.swift in Sources */,
				42E3FDE42B1463D100BDFCBA /* UserListView.swift in Sources */,
				42E3FE452B22EACB00BDFCBA /* ChatViewAlertCell.swift in Sources */,
				42E3FDE72B14645100BDFCBA /* MoreView.swift in Sources */,
				42E3FDF22B16E79B00BDFCBA /* CustomLoginButton.swift in Sources */,
				42E3FE2F2B1EF7A500BDFCBA /* SocketIOManager.swift in Sources */,
				42E3FDFD2B171A4B00BDFCBA /* MoreViewViewModel.swift in Sources */,
				42E3FDF02B16E55900BDFCBA /* SnsLoginView.swift in Sources */,
				42E3FE0B2B17391D00BDFCBA /* ChatListCell.swift in Sources */,
				42E3FE352B1F125000BDFCBA /* ChatListViewViewModel.swift in Sources */,
				42E3FDF72B16FED900BDFCBA /* MainTabView.swift in Sources */,
				42E3FE182B18816100BDFCBA /* SearchViewViewModel.swift in Sources */,
				42E3FDFB2B170C6A00BDFCBA /* MoreListCell.swift in Sources */,
				42E3FE1F2B19A3A100BDFCBA /* RealmModel.swift in Sources */,
				42E3FE132B18381A00BDFCBA /* ApiCaller.swift in Sources */,
				42E3FE472B22EBC000BDFCBA /* ChatViewMyCell.swift in Sources */,
				42E3FE2D2B1D9B5400BDFCBA /* NickNameViewViewModel.swift in Sources */,
			);
			runOnlyForDeploymentPostprocessing = 0;
		};
		42E3FDBC2B144F1F00BDFCBA /* Sources */ = {
			isa = PBXSourcesBuildPhase;
			buildActionMask = 2147483647;
			files = (
				42E3FE362B2017CC00BDFCBA /* UserListViewViewModel.swift in Sources */,
				42E3FDC52B144F1F00BDFCBA /* iosChatProjectTests.swift in Sources */,
			);
			runOnlyForDeploymentPostprocessing = 0;
		};
		42E3FDC62B144F1F00BDFCBA /* Sources */ = {
			isa = PBXSourcesBuildPhase;
			buildActionMask = 2147483647;
			files = (
				42E3FDD12B144F1F00BDFCBA /* iosChatProjectUITestsLaunchTests.swift in Sources */,
				42E3FDCF2B144F1F00BDFCBA /* iosChatProjectUITests.swift in Sources */,
			);
			runOnlyForDeploymentPostprocessing = 0;
		};
/* End PBXSourcesBuildPhase section */

/* Begin PBXTargetDependency section */
		42E3FDC22B144F1F00BDFCBA /* PBXTargetDependency */ = {
			isa = PBXTargetDependency;
			target = 42E3FDAF2B144F1D00BDFCBA /* iosChatProject */;
			targetProxy = 42E3FDC12B144F1F00BDFCBA /* PBXContainerItemProxy */;
		};
		42E3FDCC2B144F1F00BDFCBA /* PBXTargetDependency */ = {
			isa = PBXTargetDependency;
			target = 42E3FDAF2B144F1D00BDFCBA /* iosChatProject */;
			targetProxy = 42E3FDCB2B144F1F00BDFCBA /* PBXContainerItemProxy */;
		};
/* End PBXTargetDependency section */

/* Begin XCBuildConfiguration section */
		42E3FDD22B144F1F00BDFCBA /* Debug */ = {
			isa = XCBuildConfiguration;
			buildSettings = {
				ALWAYS_SEARCH_USER_PATHS = NO;
				CLANG_ANALYZER_NONNULL = YES;
				CLANG_ANALYZER_NUMBER_OBJECT_CONVERSION = YES_AGGRESSIVE;
				CLANG_CXX_LANGUAGE_STANDARD = "gnu++20";
				CLANG_ENABLE_MODULES = YES;
				CLANG_ENABLE_OBJC_ARC = YES;
				CLANG_ENABLE_OBJC_WEAK = YES;
				CLANG_WARN_BLOCK_CAPTURE_AUTORELEASING = YES;
				CLANG_WARN_BOOL_CONVERSION = YES;
				CLANG_WARN_COMMA = YES;
				CLANG_WARN_CONSTANT_CONVERSION = YES;
				CLANG_WARN_DEPRECATED_OBJC_IMPLEMENTATIONS = YES;
				CLANG_WARN_DIRECT_OBJC_ISA_USAGE = YES_ERROR;
				CLANG_WARN_DOCUMENTATION_COMMENTS = YES;
				CLANG_WARN_EMPTY_BODY = YES;
				CLANG_WARN_ENUM_CONVERSION = YES;
				CLANG_WARN_INFINITE_RECURSION = YES;
				CLANG_WARN_INT_CONVERSION = YES;
				CLANG_WARN_NON_LITERAL_NULL_CONVERSION = YES;
				CLANG_WARN_OBJC_IMPLICIT_RETAIN_SELF = YES;
				CLANG_WARN_OBJC_LITERAL_CONVERSION = YES;
				CLANG_WARN_OBJC_ROOT_CLASS = YES_ERROR;
				CLANG_WARN_QUOTED_INCLUDE_IN_FRAMEWORK_HEADER = YES;
				CLANG_WARN_RANGE_LOOP_ANALYSIS = YES;
				CLANG_WARN_STRICT_PROTOTYPES = YES;
				CLANG_WARN_SUSPICIOUS_MOVE = YES;
				CLANG_WARN_UNGUARDED_AVAILABILITY = YES_AGGRESSIVE;
				CLANG_WARN_UNREACHABLE_CODE = YES;
				CLANG_WARN__DUPLICATE_METHOD_MATCH = YES;
				COPY_PHASE_STRIP = NO;
				DEBUG_INFORMATION_FORMAT = dwarf;
				ENABLE_STRICT_OBJC_MSGSEND = YES;
				ENABLE_TESTABILITY = YES;
				GCC_C_LANGUAGE_STANDARD = gnu11;
				GCC_DYNAMIC_NO_PIC = NO;
				GCC_NO_COMMON_BLOCKS = YES;
				GCC_OPTIMIZATION_LEVEL = 0;
				GCC_PREPROCESSOR_DEFINITIONS = (
					"DEBUG=1",
					"$(inherited)",
				);
				GCC_WARN_64_TO_32_BIT_CONVERSION = YES;
				GCC_WARN_ABOUT_RETURN_TYPE = YES_ERROR;
				GCC_WARN_UNDECLARED_SELECTOR = YES;
				GCC_WARN_UNINITIALIZED_AUTOS = YES_AGGRESSIVE;
				GCC_WARN_UNUSED_FUNCTION = YES;
				GCC_WARN_UNUSED_VARIABLE = YES;
				IPHONEOS_DEPLOYMENT_TARGET = 16.0;
				MTL_ENABLE_DEBUG_INFO = INCLUDE_SOURCE;
				MTL_FAST_MATH = YES;
				ONLY_ACTIVE_ARCH = YES;
				SDKROOT = iphoneos;
				SWIFT_ACTIVE_COMPILATION_CONDITIONS = DEBUG;
				SWIFT_OPTIMIZATION_LEVEL = "-Onone";
			};
			name = Debug;
		};
		42E3FDD32B144F1F00BDFCBA /* Release */ = {
			isa = XCBuildConfiguration;
			buildSettings = {
				ALWAYS_SEARCH_USER_PATHS = NO;
				CLANG_ANALYZER_NONNULL = YES;
				CLANG_ANALYZER_NUMBER_OBJECT_CONVERSION = YES_AGGRESSIVE;
				CLANG_CXX_LANGUAGE_STANDARD = "gnu++20";
				CLANG_ENABLE_MODULES = YES;
				CLANG_ENABLE_OBJC_ARC = YES;
				CLANG_ENABLE_OBJC_WEAK = YES;
				CLANG_WARN_BLOCK_CAPTURE_AUTORELEASING = YES;
				CLANG_WARN_BOOL_CONVERSION = YES;
				CLANG_WARN_COMMA = YES;
				CLANG_WARN_CONSTANT_CONVERSION = YES;
				CLANG_WARN_DEPRECATED_OBJC_IMPLEMENTATIONS = YES;
				CLANG_WARN_DIRECT_OBJC_ISA_USAGE = YES_ERROR;
				CLANG_WARN_DOCUMENTATION_COMMENTS = YES;
				CLANG_WARN_EMPTY_BODY = YES;
				CLANG_WARN_ENUM_CONVERSION = YES;
				CLANG_WARN_INFINITE_RECURSION = YES;
				CLANG_WARN_INT_CONVERSION = YES;
				CLANG_WARN_NON_LITERAL_NULL_CONVERSION = YES;
				CLANG_WARN_OBJC_IMPLICIT_RETAIN_SELF = YES;
				CLANG_WARN_OBJC_LITERAL_CONVERSION = YES;
				CLANG_WARN_OBJC_ROOT_CLASS = YES_ERROR;
				CLANG_WARN_QUOTED_INCLUDE_IN_FRAMEWORK_HEADER = YES;
				CLANG_WARN_RANGE_LOOP_ANALYSIS = YES;
				CLANG_WARN_STRICT_PROTOTYPES = YES;
				CLANG_WARN_SUSPICIOUS_MOVE = YES;
				CLANG_WARN_UNGUARDED_AVAILABILITY = YES_AGGRESSIVE;
				CLANG_WARN_UNREACHABLE_CODE = YES;
				CLANG_WARN__DUPLICATE_METHOD_MATCH = YES;
				COPY_PHASE_STRIP = NO;
				DEBUG_INFORMATION_FORMAT = "dwarf-with-dsym";
				ENABLE_NS_ASSERTIONS = NO;
				ENABLE_STRICT_OBJC_MSGSEND = YES;
				GCC_C_LANGUAGE_STANDARD = gnu11;
				GCC_NO_COMMON_BLOCKS = YES;
				GCC_WARN_64_TO_32_BIT_CONVERSION = YES;
				GCC_WARN_ABOUT_RETURN_TYPE = YES_ERROR;
				GCC_WARN_UNDECLARED_SELECTOR = YES;
				GCC_WARN_UNINITIALIZED_AUTOS = YES_AGGRESSIVE;
				GCC_WARN_UNUSED_FUNCTION = YES;
				GCC_WARN_UNUSED_VARIABLE = YES;
				IPHONEOS_DEPLOYMENT_TARGET = 16.0;
				MTL_ENABLE_DEBUG_INFO = NO;
				MTL_FAST_MATH = YES;
				SDKROOT = iphoneos;
				SWIFT_COMPILATION_MODE = wholemodule;
				SWIFT_OPTIMIZATION_LEVEL = "-O";
				VALIDATE_PRODUCT = YES;
			};
			name = Release;
		};
		42E3FDD52B144F1F00BDFCBA /* Debug */ = {
			isa = XCBuildConfiguration;
			baseConfigurationReference = 73727DE834374E7CD2F7EF43 /* Pods-iosChatProject.debug.xcconfig */;
			buildSettings = {
				ASSETCATALOG_COMPILER_APPICON_NAME = AppIcon;
				ASSETCATALOG_COMPILER_GLOBAL_ACCENT_COLOR_NAME = AccentColor;
				CODE_SIGN_STYLE = Automatic;
				CURRENT_PROJECT_VERSION = 1;
				DEVELOPMENT_ASSET_PATHS = "\"iosChatProject/Preview Content\"";
				DEVELOPMENT_TEAM = 3CK2FM88AX;
				ENABLE_PREVIEWS = YES;
				GENERATE_INFOPLIST_FILE = YES;
				INFOPLIST_FILE = iosChatProject/Info.plist;
				INFOPLIST_KEY_UIApplicationSceneManifest_Generation = YES;
				INFOPLIST_KEY_UIApplicationSupportsIndirectInputEvents = YES;
				INFOPLIST_KEY_UILaunchScreen_Generation = YES;
				INFOPLIST_KEY_UISupportedInterfaceOrientations = UIInterfaceOrientationPortrait;
				LD_RUNPATH_SEARCH_PATHS = (
					"$(inherited)",
					"@executable_path/Frameworks",
				);
				MARKETING_VERSION = 1.0;
				PRODUCT_BUNDLE_IDENTIFIER = myProject.iosChatProject;
				PRODUCT_NAME = "$(TARGET_NAME)";
				SWIFT_EMIT_LOC_STRINGS = YES;
				SWIFT_VERSION = 5.0;
				TARGETED_DEVICE_FAMILY = "1,2";
			};
			name = Debug;
		};
		42E3FDD62B144F1F00BDFCBA /* Release */ = {
			isa = XCBuildConfiguration;
			baseConfigurationReference = F087E55414832FB9085C39D8 /* Pods-iosChatProject.release.xcconfig */;
			buildSettings = {
				ASSETCATALOG_COMPILER_APPICON_NAME = AppIcon;
				ASSETCATALOG_COMPILER_GLOBAL_ACCENT_COLOR_NAME = AccentColor;
				CODE_SIGN_STYLE = Automatic;
				CURRENT_PROJECT_VERSION = 1;
				DEVELOPMENT_ASSET_PATHS = "\"iosChatProject/Preview Content\"";
				DEVELOPMENT_TEAM = 3CK2FM88AX;
				ENABLE_PREVIEWS = YES;
				GENERATE_INFOPLIST_FILE = YES;
				INFOPLIST_FILE = iosChatProject/Info.plist;
				INFOPLIST_KEY_UIApplicationSceneManifest_Generation = YES;
				INFOPLIST_KEY_UIApplicationSupportsIndirectInputEvents = YES;
				INFOPLIST_KEY_UILaunchScreen_Generation = YES;
				INFOPLIST_KEY_UISupportedInterfaceOrientations = UIInterfaceOrientationPortrait;
				LD_RUNPATH_SEARCH_PATHS = (
					"$(inherited)",
					"@executable_path/Frameworks",
				);
				MARKETING_VERSION = 1.0;
				PRODUCT_BUNDLE_IDENTIFIER = myProject.iosChatProject;
				PRODUCT_NAME = "$(TARGET_NAME)";
				SWIFT_EMIT_LOC_STRINGS = YES;
				SWIFT_VERSION = 5.0;
				TARGETED_DEVICE_FAMILY = "1,2";
			};
			name = Release;
		};
		42E3FDD82B144F1F00BDFCBA /* Debug */ = {
			isa = XCBuildConfiguration;
			baseConfigurationReference = 45950F7FAFA09D948E7C568E /* Pods-iosChatProjectTests.debug.xcconfig */;
			buildSettings = {
				ALWAYS_EMBED_SWIFT_STANDARD_LIBRARIES = YES;
				BUNDLE_LOADER = "$(TEST_HOST)";
				CODE_SIGN_STYLE = Automatic;
				CURRENT_PROJECT_VERSION = 1;
				DEVELOPMENT_TEAM = 3CK2FM88AX;
				GENERATE_INFOPLIST_FILE = YES;
				IPHONEOS_DEPLOYMENT_TARGET = 16.0;
				MARKETING_VERSION = 1.0;
				PRODUCT_BUNDLE_IDENTIFIER = myProject.iosChatProjectTests;
				PRODUCT_NAME = "$(TARGET_NAME)";
				SWIFT_EMIT_LOC_STRINGS = NO;
				SWIFT_VERSION = 5.0;
				TARGETED_DEVICE_FAMILY = "1,2";
				TEST_HOST = "$(BUILT_PRODUCTS_DIR)/iosChatProject.app/$(BUNDLE_EXECUTABLE_FOLDER_PATH)/iosChatProject";
			};
			name = Debug;
		};
		42E3FDD92B144F1F00BDFCBA /* Release */ = {
			isa = XCBuildConfiguration;
			baseConfigurationReference = 9F3360147AD4EE7C8325FE81 /* Pods-iosChatProjectTests.release.xcconfig */;
			buildSettings = {
				ALWAYS_EMBED_SWIFT_STANDARD_LIBRARIES = YES;
				BUNDLE_LOADER = "$(TEST_HOST)";
				CODE_SIGN_STYLE = Automatic;
				CURRENT_PROJECT_VERSION = 1;
				DEVELOPMENT_TEAM = 3CK2FM88AX;
				GENERATE_INFOPLIST_FILE = YES;
				IPHONEOS_DEPLOYMENT_TARGET = 16.0;
				MARKETING_VERSION = 1.0;
				PRODUCT_BUNDLE_IDENTIFIER = myProject.iosChatProjectTests;
				PRODUCT_NAME = "$(TARGET_NAME)";
				SWIFT_EMIT_LOC_STRINGS = NO;
				SWIFT_VERSION = 5.0;
				TARGETED_DEVICE_FAMILY = "1,2";
				TEST_HOST = "$(BUILT_PRODUCTS_DIR)/iosChatProject.app/$(BUNDLE_EXECUTABLE_FOLDER_PATH)/iosChatProject";
			};
			name = Release;
		};
		42E3FDDB2B144F1F00BDFCBA /* Debug */ = {
			isa = XCBuildConfiguration;
			baseConfigurationReference = 73D0891E86889327A7B375FB /* Pods-iosChatProject-iosChatProjectUITests.debug.xcconfig */;
			buildSettings = {
				ALWAYS_EMBED_SWIFT_STANDARD_LIBRARIES = YES;
				CODE_SIGN_STYLE = Automatic;
				CURRENT_PROJECT_VERSION = 1;
				DEVELOPMENT_TEAM = 3CK2FM88AX;
				GENERATE_INFOPLIST_FILE = YES;
				MARKETING_VERSION = 1.0;
				PRODUCT_BUNDLE_IDENTIFIER = myProject.iosChatProjectUITests;
				PRODUCT_NAME = "$(TARGET_NAME)";
				SWIFT_EMIT_LOC_STRINGS = NO;
				SWIFT_VERSION = 5.0;
				TARGETED_DEVICE_FAMILY = "1,2";
				TEST_TARGET_NAME = iosChatProject;
			};
			name = Debug;
		};
		42E3FDDC2B144F1F00BDFCBA /* Release */ = {
			isa = XCBuildConfiguration;
			baseConfigurationReference = 033CE436BD11DC412985F832 /* Pods-iosChatProject-iosChatProjectUITests.release.xcconfig */;
			buildSettings = {
				ALWAYS_EMBED_SWIFT_STANDARD_LIBRARIES = YES;
				CODE_SIGN_STYLE = Automatic;
				CURRENT_PROJECT_VERSION = 1;
				DEVELOPMENT_TEAM = 3CK2FM88AX;
				GENERATE_INFOPLIST_FILE = YES;
				MARKETING_VERSION = 1.0;
				PRODUCT_BUNDLE_IDENTIFIER = myProject.iosChatProjectUITests;
				PRODUCT_NAME = "$(TARGET_NAME)";
				SWIFT_EMIT_LOC_STRINGS = NO;
				SWIFT_VERSION = 5.0;
				TARGETED_DEVICE_FAMILY = "1,2";
				TEST_TARGET_NAME = iosChatProject;
			};
			name = Release;
		};
/* End XCBuildConfiguration section */

/* Begin XCConfigurationList section */
		42E3FDAB2B144F1D00BDFCBA /* Build configuration list for PBXProject "iosChatProject" */ = {
			isa = XCConfigurationList;
			buildConfigurations = (
				42E3FDD22B144F1F00BDFCBA /* Debug */,
				42E3FDD32B144F1F00BDFCBA /* Release */,
			);
			defaultConfigurationIsVisible = 0;
			defaultConfigurationName = Release;
		};
		42E3FDD42B144F1F00BDFCBA /* Build configuration list for PBXNativeTarget "iosChatProject" */ = {
			isa = XCConfigurationList;
			buildConfigurations = (
				42E3FDD52B144F1F00BDFCBA /* Debug */,
				42E3FDD62B144F1F00BDFCBA /* Release */,
			);
			defaultConfigurationIsVisible = 0;
			defaultConfigurationName = Release;
		};
		42E3FDD72B144F1F00BDFCBA /* Build configuration list for PBXNativeTarget "iosChatProjectTests" */ = {
			isa = XCConfigurationList;
			buildConfigurations = (
				42E3FDD82B144F1F00BDFCBA /* Debug */,
				42E3FDD92B144F1F00BDFCBA /* Release */,
			);
			defaultConfigurationIsVisible = 0;
			defaultConfigurationName = Release;
		};
		42E3FDDA2B144F1F00BDFCBA /* Build configuration list for PBXNativeTarget "iosChatProjectUITests" */ = {
			isa = XCConfigurationList;
			buildConfigurations = (
				42E3FDDB2B144F1F00BDFCBA /* Debug */,
				42E3FDDC2B144F1F00BDFCBA /* Release */,
			);
			defaultConfigurationIsVisible = 0;
			defaultConfigurationName = Release;
		};
/* End XCConfigurationList section */
	};
	rootObject = 42E3FDA82B144F1D00BDFCBA /* Project object */;
}
